
Microsoft Visual Studio Solution File, Format Version 12.00
# Visual Studio Version 17
VisualStudioVersion = 17.5.002.0
MinimumVisualStudioVersion = 10.0.40219.1
Project("{9A19103F-16F7-4668-BE54-9A1E7A4F7556}") = "ensinaC#", "ensinaC#\ensinaC#.csproj", "{778ED899-BB71-4F5F-96FE-6331234EC760}"
EndProject
Global
	GlobalSection(SolutionConfigurationPlatforms) = preSolution
		Debug|Any CPU = Debug|Any CPU
		Release|Any CPU = Release|Any CPU
	EndGlobalSection
	GlobalSection(ProjectConfigurationPlatforms) = postSolution
		{778ED899-BB71-4F5F-96FE-6331234EC760}.Debug|Any CPU.ActiveCfg = Debug|Any CPU
		{778ED899-BB71-4F5F-96FE-6331234EC760}.Debug|Any CPU.Build.0 = Debug|Any CPU
		{778ED899-BB71-4F5F-96FE-6331234EC760}.Release|Any CPU.ActiveCfg = Release|Any CPU
		{778ED899-BB71-4F5F-96FE-6331234EC760}.Release|Any CPU.Build.0 = Release|Any CPU
	EndGlobalSection
	GlobalSection(SolutionProperties) = preSolution
		HideSolutionNode = FALSE
	EndGlobalSection
	GlobalSection(ExtensibilityGlobals) = postSolution
		SolutionGuid = {D4AD0C6F-2E8D-4A32-8411-4CCB3FECD259}
	EndGlobalSection
EndGlobal
